{
  "name": "frontend",
  "lockfileVersion": 3,
  "requires": true,
  "packages": {
    "": {
      "devDependencies": {
        "daisyui": "^5.0.35",
        "tailwindcss": "^4.1.5"
      }
    },
    "node_modules/daisyui": {
      "version": "5.0.35",
      "resolved": "https://registry.npmjs.org/daisyui/-/daisyui-5.0.35.tgz",
      "integrity": "sha512-AWi11n/x5++mps55jcwrBf0Lmip1euWY0FYcH/05SFGmoqrU7S7/aIUWaiaeqlJ5EcmEZ/7zEY73aOxMv6hcIg==",
      "dev": true,
      "license": "MIT",
      "funding": {
        "url": "https://github.com/saadeghi/daisyui?sponsor=1"
      }
    },
    "node_modules/tailwindcss": {
      "version": "4.1.5",
      "resolved": "https://registry.npmjs.org/tailwindcss/-/tailwindcss-4.1.5.tgz",
      "integrity": "sha512-nYtSPfWGDiWgCkwQG/m+aX83XCwf62sBgg3bIlNiiOcggnS1x3uVRDAuyelBFL+vJdOPPCGElxv9DjHJjRHiVA==",
      "dev": true,
      "license": "MIT"
    }
  }
}
